// !$*UTF8*$!
{
	archiveVersion = 1;
	classes = {
	};
	objectVersion = 52;
	objects = {

/* Begin PBXBuildFile section */
		CA12306F24329CF30009AB61 /* CollectionsViewController.swift in Sources */ = {isa = PBXBuildFile; fileRef = CA12306E24329CF30009AB61 /* CollectionsViewController.swift */; };
		CA1230712432A0EB0009AB61 /* Collection.swift in Sources */ = {isa = PBXBuildFile; fileRef = CA1230702432A0EB0009AB61 /* Collection.swift */; };
		CA40FF9C242FF9240018745B /* ApiClient.swift in Sources */ = {isa = PBXBuildFile; fileRef = CA40FF9B242FF9240018745B /* ApiClient.swift */; };
		CA40FF9F242FFA990018745B /* Alamofire in Frameworks */ = {isa = PBXBuildFile; productRef = CA40FF9E242FFA990018745B /* Alamofire */; };
		CA40FFA2242FFF860018745B /* Photo.swift in Sources */ = {isa = PBXBuildFile; fileRef = CA40FFA1242FFF860018745B /* Photo.swift */; };
		CA40FFA4243003490018745B /* Endpoint.swift in Sources */ = {isa = PBXBuildFile; fileRef = CA40FFA3243003490018745B /* Endpoint.swift */; };
		CA40FFA6243006010018745B /* UnsplashClient.swift in Sources */ = {isa = PBXBuildFile; fileRef = CA40FFA5243006010018745B /* UnsplashClient.swift */; };
		CA6BF68F242D1A0D0077FA6A /* AppDelegate.swift in Sources */ = {isa = PBXBuildFile; fileRef = CA6BF68E242D1A0D0077FA6A /* AppDelegate.swift */; };
		CA6BF691242D1A0D0077FA6A /* SceneDelegate.swift in Sources */ = {isa = PBXBuildFile; fileRef = CA6BF690242D1A0D0077FA6A /* SceneDelegate.swift */; };
		CA6BF693242D1A0D0077FA6A /* HomeController.swift in Sources */ = {isa = PBXBuildFile; fileRef = CA6BF692242D1A0D0077FA6A /* HomeController.swift */; };
		CA6BF698242D1A0F0077FA6A /* Assets.xcassets in Resources */ = {isa = PBXBuildFile; fileRef = CA6BF697242D1A0F0077FA6A /* Assets.xcassets */; };
		CA6BF69B242D1A0F0077FA6A /* LaunchScreen.storyboard in Resources */ = {isa = PBXBuildFile; fileRef = CA6BF699242D1A0F0077FA6A /* LaunchScreen.storyboard */; };
		CA6BF6A3242D1C850077FA6A /* MainTabBarController.swift in Sources */ = {isa = PBXBuildFile; fileRef = CA6BF6A2242D1C850077FA6A /* MainTabBarController.swift */; };
		CA6BF6A6242D25370077FA6A /* TinyConstraints in Frameworks */ = {isa = PBXBuildFile; productRef = CA6BF6A5242D25370077FA6A /* TinyConstraints */; };
		CAEBB3722433C3B5008D63D8 /* CollectionCell.swift in Sources */ = {isa = PBXBuildFile; fileRef = CAEBB3712433C3B5008D63D8 /* CollectionCell.swift */; };
		CAEBB3742433CAB6008D63D8 /* CollectionDetailViewController.swift in Sources */ = {isa = PBXBuildFile; fileRef = CAEBB3732433CAB6008D63D8 /* CollectionDetailViewController.swift */; };
		CAEBB3772433DAB9008D63D8 /* SearchViewController.swift in Sources */ = {isa = PBXBuildFile; fileRef = CAEBB3752433DAB9008D63D8 /* SearchViewController.swift */; };
		CAEBB37C2433DBEA008D63D8 /* Search.storyboard in Resources */ = {isa = PBXBuildFile; fileRef = CAEBB37B2433DBEA008D63D8 /* Search.storyboard */; };
		CAF6233524310E4D009FAF9A /* SDWebImage in Frameworks */ = {isa = PBXBuildFile; productRef = CAF6233424310E4D009FAF9A /* SDWebImage */; };
		CAF6233724311187009FAF9A /* HomeCell.swift in Sources */ = {isa = PBXBuildFile; fileRef = CAF6233624311187009FAF9A /* HomeCell.swift */; };
		CAF6233924312A4A009FAF9A /* LoadingFooterView.swift in Sources */ = {isa = PBXBuildFile; fileRef = CAF6233824312A4A009FAF9A /* LoadingFooterView.swift */; };
		CAF6233B24312A7F009FAF9A /* Indicator.swift in Sources */ = {isa = PBXBuildFile; fileRef = CAF6233A24312A7F009FAF9A /* Indicator.swift */; };
		CAF6233E24313CAB009FAF9A /* Array+Extension.swift in Sources */ = {isa = PBXBuildFile; fileRef = CAF6233D24313CAB009FAF9A /* Array+Extension.swift */; };
/* End PBXBuildFile section */

/* Begin PBXFileReference section */
		CA12306E24329CF30009AB61 /* CollectionsViewController.swift */ = {isa = PBXFileReference; lastKnownFileType = sourcecode.swift; path = CollectionsViewController.swift; sourceTree = "<group>"; };
		CA1230702432A0EB0009AB61 /* Collection.swift */ = {isa = PBXFileReference; lastKnownFileType = sourcecode.swift; path = Collection.swift; sourceTree = "<group>"; };
		CA40FF9B242FF9240018745B /* ApiClient.swift */ = {isa = PBXFileReference; lastKnownFileType = sourcecode.swift; path = ApiClient.swift; sourceTree = "<group>"; };
		CA40FFA1242FFF860018745B /* Photo.swift */ = {isa = PBXFileReference; lastKnownFileType = sourcecode.swift; path = Photo.swift; sourceTree = "<group>"; };
		CA40FFA3243003490018745B /* Endpoint.swift */ = {isa = PBXFileReference; lastKnownFileType = sourcecode.swift; path = Endpoint.swift; sourceTree = "<group>"; };
		CA40FFA5243006010018745B /* UnsplashClient.swift */ = {isa = PBXFileReference; lastKnownFileType = sourcecode.swift; path = UnsplashClient.swift; sourceTree = "<group>"; };
		CA6BF68B242D1A0D0077FA6A /* Pics.app */ = {isa = PBXFileReference; explicitFileType = wrapper.application; includeInIndex = 0; path = Pics.app; sourceTree = BUILT_PRODUCTS_DIR; };
		CA6BF68E242D1A0D0077FA6A /* AppDelegate.swift */ = {isa = PBXFileReference; lastKnownFileType = sourcecode.swift; path = AppDelegate.swift; sourceTree = "<group>"; };
		CA6BF690242D1A0D0077FA6A /* SceneDelegate.swift */ = {isa = PBXFileReference; lastKnownFileType = sourcecode.swift; path = SceneDelegate.swift; sourceTree = "<group>"; };
		CA6BF692242D1A0D0077FA6A /* HomeController.swift */ = {isa = PBXFileReference; indentWidth = 2; lastKnownFileType = sourcecode.swift; path = HomeController.swift; sourceTree = "<group>"; tabWidth = 2; usesTabs = 1; };
		CA6BF697242D1A0F0077FA6A /* Assets.xcassets */ = {isa = PBXFileReference; lastKnownFileType = folder.assetcatalog; path = Assets.xcassets; sourceTree = "<group>"; };
		CA6BF69A242D1A0F0077FA6A /* Base */ = {isa = PBXFileReference; lastKnownFileType = file.storyboard; name = Base; path = Base.lproj/LaunchScreen.storyboard; sourceTree = "<group>"; };
		CA6BF69C242D1A0F0077FA6A /* Info.plist */ = {isa = PBXFileReference; lastKnownFileType = text.plist.xml; path = Info.plist; sourceTree = "<group>"; };
		CA6BF6A2242D1C850077FA6A /* MainTabBarController.swift */ = {isa = PBXFileReference; lastKnownFileType = sourcecode.swift; path = MainTabBarController.swift; sourceTree = "<group>"; };
		CAEBB3712433C3B5008D63D8 /* CollectionCell.swift */ = {isa = PBXFileReference; lastKnownFileType = sourcecode.swift; path = CollectionCell.swift; sourceTree = "<group>"; };
		CAEBB3732433CAB6008D63D8 /* CollectionDetailViewController.swift */ = {isa = PBXFileReference; lastKnownFileType = sourcecode.swift; path = CollectionDetailViewController.swift; sourceTree = "<group>"; };
		CAEBB3752433DAB9008D63D8 /* SearchViewController.swift */ = {isa = PBXFileReference; lastKnownFileType = sourcecode.swift; path = SearchViewController.swift; sourceTree = "<group>"; };
		CAEBB37B2433DBEA008D63D8 /* Search.storyboard */ = {isa = PBXFileReference; lastKnownFileType = file.storyboard; path = Search.storyboard; sourceTree = "<group>"; };
		CAF6233624311187009FAF9A /* HomeCell.swift */ = {isa = PBXFileReference; lastKnownFileType = sourcecode.swift; path = HomeCell.swift; sourceTree = "<group>"; };
		CAF6233824312A4A009FAF9A /* LoadingFooterView.swift */ = {isa = PBXFileReference; lastKnownFileType = sourcecode.swift; path = LoadingFooterView.swift; sourceTree = "<group>"; };
		CAF6233A24312A7F009FAF9A /* Indicator.swift */ = {isa = PBXFileReference; lastKnownFileType = sourcecode.swift; path = Indicator.swift; sourceTree = "<group>"; };
		CAF6233D24313CAB009FAF9A /* Array+Extension.swift */ = {isa = PBXFileReference; lastKnownFileType = sourcecode.swift; path = "Array+Extension.swift"; sourceTree = "<group>"; };
/* End PBXFileReference section */

/* Begin PBXFrameworksBuildPhase section */
		CA6BF688242D1A0D0077FA6A /* Frameworks */ = {
			isa = PBXFrameworksBuildPhase;
			buildActionMask = 2147483647;
			files = (
				CAF6233524310E4D009FAF9A /* SDWebImage in Frameworks */,
				CA6BF6A6242D25370077FA6A /* TinyConstraints in Frameworks */,
				CA40FF9F242FFA990018745B /* Alamofire in Frameworks */,
			);
			runOnlyForDeploymentPostprocessing = 0;
		};
/* End PBXFrameworksBuildPhase section */

/* Begin PBXGroup section */
		CA40FF9A242FF9160018745B /* Networking */ = {
			isa = PBXGroup;
			children = (
				CA40FF9B242FF9240018745B /* ApiClient.swift */,
				CA40FFA3243003490018745B /* Endpoint.swift */,
				CA40FFA5243006010018745B /* UnsplashClient.swift */,
			);
			path = Networking;
			sourceTree = "<group>";
		};
		CA40FFA0242FFF7A0018745B /* Models */ = {
			isa = PBXGroup;
			children = (
				CA40FFA1242FFF860018745B /* Photo.swift */,
				CA1230702432A0EB0009AB61 /* Collection.swift */,
			);
			path = Models;
			sourceTree = "<group>";
		};
		CA6BF682242D1A0D0077FA6A = {
			isa = PBXGroup;
			children = (
				CA6BF68D242D1A0D0077FA6A /* Pics */,
				CA6BF68C242D1A0D0077FA6A /* Products */,
			);
			indentWidth = 2;
			sourceTree = "<group>";
			tabWidth = 2;
			usesTabs = 1;
		};
		CA6BF68C242D1A0D0077FA6A /* Products */ = {
			isa = PBXGroup;
			children = (
				CA6BF68B242D1A0D0077FA6A /* Pics.app */,
			);
			name = Products;
			sourceTree = "<group>";
		};
		CA6BF68D242D1A0D0077FA6A /* Pics */ = {
			isa = PBXGroup;
			children = (
				CAF6233C24313C9B009FAF9A /* Helpers */,
				CA40FFA0242FFF7A0018745B /* Models */,
				CA40FF9A242FF9160018745B /* Networking */,
				CA6BF68E242D1A0D0077FA6A /* AppDelegate.swift */,
				CA6BF690242D1A0D0077FA6A /* SceneDelegate.swift */,
				CAF6233824312A4A009FAF9A /* LoadingFooterView.swift */,
				CAF6233A24312A7F009FAF9A /* Indicator.swift */,
				CAF6233624311187009FAF9A /* HomeCell.swift */,
				CA6BF6A2242D1C850077FA6A /* MainTabBarController.swift */,
				CA6BF692242D1A0D0077FA6A /* HomeController.swift */,
				CA12306E24329CF30009AB61 /* CollectionsViewController.swift */,
				CA6BF697242D1A0F0077FA6A /* Assets.xcassets */,
				CA6BF699242D1A0F0077FA6A /* LaunchScreen.storyboard */,
				CA6BF69C242D1A0F0077FA6A /* Info.plist */,
				CAEBB3712433C3B5008D63D8 /* CollectionCell.swift */,
				CAEBB3732433CAB6008D63D8 /* CollectionDetailViewController.swift */,
				CAEBB3752433DAB9008D63D8 /* SearchViewController.swift */,
				CAEBB37B2433DBEA008D63D8 /* Search.storyboard */,
			);
			path = Pics;
			sourceTree = "<group>";
		};
		CAF6233C24313C9B009FAF9A /* Helpers */ = {
			isa = PBXGroup;
			children = (
				CAF6233D24313CAB009FAF9A /* Array+Extension.swift */,
			);
			path = Helpers;
			sourceTree = "<group>";
		};
/* End PBXGroup section */

/* Begin PBXNativeTarget section */
		CA6BF68A242D1A0D0077FA6A /* Pics */ = {
			isa = PBXNativeTarget;
			buildConfigurationList = CA6BF69F242D1A100077FA6A /* Build configuration list for PBXNativeTarget "Pics" */;
			buildPhases = (
				CA6BF687242D1A0D0077FA6A /* Sources */,
				CA6BF688242D1A0D0077FA6A /* Frameworks */,
				CA6BF689242D1A0D0077FA6A /* Resources */,
			);
			buildRules = (
			);
			dependencies = (
			);
			name = Pics;
			packageProductDependencies = (
				CA6BF6A5242D25370077FA6A /* TinyConstraints */,
				CA40FF9E242FFA990018745B /* Alamofire */,
				CAF6233424310E4D009FAF9A /* SDWebImage */,
			);
			productName = Pics;
			productReference = CA6BF68B242D1A0D0077FA6A /* Pics.app */;
			productType = "com.apple.product-type.application";
		};
/* End PBXNativeTarget section */

/* Begin PBXProject section */
		CA6BF683242D1A0D0077FA6A /* Project object */ = {
			isa = PBXProject;
			attributes = {
				LastSwiftUpdateCheck = 1130;
				LastUpgradeCheck = 1130;
				ORGANIZATIONNAME = factboii;
				TargetAttributes = {
					CA6BF68A242D1A0D0077FA6A = {
						CreatedOnToolsVersion = 11.3.1;
					};
				};
			};
			buildConfigurationList = CA6BF686242D1A0D0077FA6A /* Build configuration list for PBXProject "Pics" */;
			compatibilityVersion = "Xcode 9.3";
			developmentRegion = en;
			hasScannedForEncodings = 0;
			knownRegions = (
				en,
				Base,
			);
			mainGroup = CA6BF682242D1A0D0077FA6A;
			packageReferences = (
				CA6BF6A4242D25370077FA6A /* XCRemoteSwiftPackageReference "TinyConstraints" */,
				CA40FF9D242FFA990018745B /* XCRemoteSwiftPackageReference "Alamofire" */,
				CAF6233324310E4D009FAF9A /* XCRemoteSwiftPackageReference "SDWebImage" */,
			);
			productRefGroup = CA6BF68C242D1A0D0077FA6A /* Products */;
			projectDirPath = "";
			projectRoot = "";
			targets = (
				CA6BF68A242D1A0D0077FA6A /* Pics */,
			);
		};
/* End PBXProject section */

/* Begin PBXResourcesBuildPhase section */
		CA6BF689242D1A0D0077FA6A /* Resources */ = {
			isa = PBXResourcesBuildPhase;
			buildActionMask = 2147483647;
			files = (
				CA6BF69B242D1A0F0077FA6A /* LaunchScreen.storyboard in Resources */,
				CAEBB37C2433DBEA008D63D8 /* Search.storyboard in Resources */,
				CA6BF698242D1A0F0077FA6A /* Assets.xcassets in Resources */,
			);
			runOnlyForDeploymentPostprocessing = 0;
		};
/* End PBXResourcesBuildPhase section */

/* Begin PBXSourcesBuildPhase section */
		CA6BF687242D1A0D0077FA6A /* Sources */ = {
			isa = PBXSourcesBuildPhase;
			buildActionMask = 2147483647;
			files = (
				CA40FFA4243003490018745B /* Endpoint.swift in Sources */,
				CA6BF693242D1A0D0077FA6A /* HomeController.swift in Sources */,
				CAF6233B24312A7F009FAF9A /* Indicator.swift in Sources */,
				CAEBB3772433DAB9008D63D8 /* SearchViewController.swift in Sources */,
				CA1230712432A0EB0009AB61 /* Collection.swift in Sources */,
				CAF6233E24313CAB009FAF9A /* Array+Extension.swift in Sources */,
				CA6BF68F242D1A0D0077FA6A /* AppDelegate.swift in Sources */,
				CA6BF6A3242D1C850077FA6A /* MainTabBarController.swift in Sources */,
				CA40FFA6243006010018745B /* UnsplashClient.swift in Sources */,
				CA40FFA2242FFF860018745B /* Photo.swift in Sources */,
				CA6BF691242D1A0D0077FA6A /* SceneDelegate.swift in Sources */,
				CAF6233724311187009FAF9A /* HomeCell.swift in Sources */,
				CA12306F24329CF30009AB61 /* CollectionsViewController.swift in Sources */,
				CAF6233924312A4A009FAF9A /* LoadingFooterView.swift in Sources */,
				CAEBB3742433CAB6008D63D8 /* CollectionDetailViewController.swift in Sources */,
				CA40FF9C242FF9240018745B /* ApiClient.swift in Sources */,
				CAEBB3722433C3B5008D63D8 /* CollectionCell.swift in Sources */,
			);
			runOnlyForDeploymentPostprocessing = 0;
		};
/* End PBXSourcesBuildPhase section */

/* Begin PBXVariantGroup section */
		CA6BF699242D1A0F0077FA6A /* LaunchScreen.storyboard */ = {
			isa = PBXVariantGroup;
			children = (
				CA6BF69A242D1A0F0077FA6A /* Base */,
			);
			name = LaunchScreen.storyboard;
			sourceTree = "<group>";
		};
/* End PBXVariantGroup section */

/* Begin XCBuildConfiguration section */
		CA6BF69D242D1A100077FA6A /* Debug */ = {
			isa = XCBuildConfiguration;
			buildSettings = {
				ALWAYS_SEARCH_USER_PATHS = NO;
				CLANG_ANALYZER_NONNULL = YES;
				CLANG_ANALYZER_NUMBER_OBJECT_CONVERSION = YES_AGGRESSIVE;
				CLANG_CXX_LANGUAGE_STANDARD = "gnu++14";
				CLANG_CXX_LIBRARY = "libc++";
				CLANG_ENABLE_MODULES = YES;
				CLANG_ENABLE_OBJC_ARC = YES;
				CLANG_ENABLE_OBJC_WEAK = YES;
				CLANG_WARN_BLOCK_CAPTURE_AUTORELEASING = YES;
				CLANG_WARN_BOOL_CONVERSION = YES;
				CLANG_WARN_COMMA = YES;
				CLANG_WARN_CONSTANT_CONVERSION = YES;
				CLANG_WARN_DEPRECATED_OBJC_IMPLEMENTATIONS = YES;
				CLANG_WARN_DIRECT_OBJC_ISA_USAGE = YES_ERROR;
				CLANG_WARN_DOCUMENTATION_COMMENTS = YES;
				CLANG_WARN_EMPTY_BODY = YES;
				CLANG_WARN_ENUM_CONVERSION = YES;
				CLANG_WARN_INFINITE_RECURSION = YES;
				CLANG_WARN_INT_CONVERSION = YES;
				CLANG_WARN_NON_LITERAL_NULL_CONVERSION = YES;
				CLANG_WARN_OBJC_IMPLICIT_RETAIN_SELF = YES;
				CLANG_WARN_OBJC_LITERAL_CONVERSION = YES;
				CLANG_WARN_OBJC_ROOT_CLASS = YES_ERROR;
				CLANG_WARN_RANGE_LOOP_ANALYSIS = YES;
				CLANG_WARN_STRICT_PROTOTYPES = YES;
				CLANG_WARN_SUSPICIOUS_MOVE = YES;
				CLANG_WARN_UNGUARDED_AVAILABILITY = YES_AGGRESSIVE;
				CLANG_WARN_UNREACHABLE_CODE = YES;
				CLANG_WARN__DUPLICATE_METHOD_MATCH = YES;
				COPY_PHASE_STRIP = NO;
				DEBUG_INFORMATION_FORMAT = dwarf;
				ENABLE_STRICT_OBJC_MSGSEND = YES;
				ENABLE_TESTABILITY = YES;
				GCC_C_LANGUAGE_STANDARD = gnu11;
				GCC_DYNAMIC_NO_PIC = NO;
				GCC_NO_COMMON_BLOCKS = YES;
				GCC_OPTIMIZATION_LEVEL = 0;
				GCC_PREPROCESSOR_DEFINITIONS = (
					"DEBUG=1",
					"$(inherited)",
				);
				GCC_WARN_64_TO_32_BIT_CONVERSION = YES;
				GCC_WARN_ABOUT_RETURN_TYPE = YES_ERROR;
				GCC_WARN_UNDECLARED_SELECTOR = YES;
				GCC_WARN_UNINITIALIZED_AUTOS = YES_AGGRESSIVE;
				GCC_WARN_UNUSED_FUNCTION = YES;
				GCC_WARN_UNUSED_VARIABLE = YES;
				IPHONEOS_DEPLOYMENT_TARGET = 13.2;
				MTL_ENABLE_DEBUG_INFO = INCLUDE_SOURCE;
				MTL_FAST_MATH = YES;
				ONLY_ACTIVE_ARCH = YES;
				SDKROOT = iphoneos;
				SWIFT_ACTIVE_COMPILATION_CONDITIONS = DEBUG;
				SWIFT_OPTIMIZATION_LEVEL = "-Onone";
			};
			name = Debug;
		};
		CA6BF69E242D1A100077FA6A /* Release */ = {
			isa = XCBuildConfiguration;
			buildSettings = {
				ALWAYS_SEARCH_USER_PATHS = NO;
				CLANG_ANALYZER_NONNULL = YES;
				CLANG_ANALYZER_NUMBER_OBJECT_CONVERSION = YES_AGGRESSIVE;
				CLANG_CXX_LANGUAGE_STANDARD = "gnu++14";
				CLANG_CXX_LIBRARY = "libc++";
				CLANG_ENABLE_MODULES = YES;
				CLANG_ENABLE_OBJC_ARC = YES;
				CLANG_ENABLE_OBJC_WEAK = YES;
				CLANG_WARN_BLOCK_CAPTURE_AUTORELEASING = YES;
				CLANG_WARN_BOOL_CONVERSION = YES;
				CLANG_WARN_COMMA = YES;
				CLANG_WARN_CONSTANT_CONVERSION = YES;
				CLANG_WARN_DEPRECATED_OBJC_IMPLEMENTATIONS = YES;
				CLANG_WARN_DIRECT_OBJC_ISA_USAGE = YES_ERROR;
				CLANG_WARN_DOCUMENTATION_COMMENTS = YES;
				CLANG_WARN_EMPTY_BODY = YES;
				CLANG_WARN_ENUM_CONVERSION = YES;
				CLANG_WARN_INFINITE_RECURSION = YES;
				CLANG_WARN_INT_CONVERSION = YES;
				CLANG_WARN_NON_LITERAL_NULL_CONVERSION = YES;
				CLANG_WARN_OBJC_IMPLICIT_RETAIN_SELF = YES;
				CLANG_WARN_OBJC_LITERAL_CONVERSION = YES;
				CLANG_WARN_OBJC_ROOT_CLASS = YES_ERROR;
				CLANG_WARN_RANGE_LOOP_ANALYSIS = YES;
				CLANG_WARN_STRICT_PROTOTYPES = YES;
				CLANG_WARN_SUSPICIOUS_MOVE = YES;
				CLANG_WARN_UNGUARDED_AVAILABILITY = YES_AGGRESSIVE;
				CLANG_WARN_UNREACHABLE_CODE = YES;
				CLANG_WARN__DUPLICATE_METHOD_MATCH = YES;
				COPY_PHASE_STRIP = NO;
				DEBUG_INFORMATION_FORMAT = "dwarf-with-dsym";
				ENABLE_NS_ASSERTIONS = NO;
				ENABLE_STRICT_OBJC_MSGSEND = YES;
				GCC_C_LANGUAGE_STANDARD = gnu11;
				GCC_NO_COMMON_BLOCKS = YES;
				GCC_WARN_64_TO_32_BIT_CONVERSION = YES;
				GCC_WARN_ABOUT_RETURN_TYPE = YES_ERROR;
				GCC_WARN_UNDECLARED_SELECTOR = YES;
				GCC_WARN_UNINITIALIZED_AUTOS = YES_AGGRESSIVE;
				GCC_WARN_UNUSED_FUNCTION = YES;
				GCC_WARN_UNUSED_VARIABLE = YES;
				IPHONEOS_DEPLOYMENT_TARGET = 13.2;
				MTL_ENABLE_DEBUG_INFO = NO;
				MTL_FAST_MATH = YES;
				SDKROOT = iphoneos;
				SWIFT_COMPILATION_MODE = wholemodule;
				SWIFT_OPTIMIZATION_LEVEL = "-O";
				VALIDATE_PRODUCT = YES;
			};
			name = Release;
		};
		CA6BF6A0242D1A100077FA6A /* Debug */ = {
			isa = XCBuildConfiguration;
			buildSettings = {
				ASSETCATALOG_COMPILER_APPICON_NAME = AppIcon;
				CODE_SIGN_STYLE = Automatic;
				DEVELOPMENT_TEAM = DMR5S6CFJS;
				INFOPLIST_FILE = Pics/Info.plist;
				LD_RUNPATH_SEARCH_PATHS = (
					"$(inherited)",
					"@executable_path/Frameworks",
				);
				PRODUCT_BUNDLE_IDENTIFIER = fact.inc.Pics;
				PRODUCT_NAME = "$(TARGET_NAME)";
				SWIFT_VERSION = 5.0;
				TARGETED_DEVICE_FAMILY = "1,2";
			};
			name = Debug;
		};
		CA6BF6A1242D1A100077FA6A /* Release */ = {
			isa = XCBuildConfiguration;
			buildSettings = {
				ASSETCATALOG_COMPILER_APPICON_NAME = AppIcon;
				CODE_SIGN_STYLE = Automatic;
				DEVELOPMENT_TEAM = DMR5S6CFJS;
				INFOPLIST_FILE = Pics/Info.plist;
				LD_RUNPATH_SEARCH_PATHS = (
					"$(inherited)",
					"@executable_path/Frameworks",
				);
				PRODUCT_BUNDLE_IDENTIFIER = fact.inc.Pics;
				PRODUCT_NAME = "$(TARGET_NAME)";
				SWIFT_VERSION = 5.0;
				TARGETED_DEVICE_FAMILY = "1,2";
			};
			name = Release;
		};
/* End XCBuildConfiguration section */

/* Begin XCConfigurationList section */
		CA6BF686242D1A0D0077FA6A /* Build configuration list for PBXProject "Pics" */ = {
			isa = XCConfigurationList;
			buildConfigurations = (
				CA6BF69D242D1A100077FA6A /* Debug */,
				CA6BF69E242D1A100077FA6A /* Release */,
			);
			defaultConfigurationIsVisible = 0;
			defaultConfigurationName = Release;
		};
		CA6BF69F242D1A100077FA6A /* Build configuration list for PBXNativeTarget "Pics" */ = {
			isa = XCConfigurationList;
			buildConfigurations = (
				CA6BF6A0242D1A100077FA6A /* Debug */,
				CA6BF6A1242D1A100077FA6A /* Release */,
			);
			defaultConfigurationIsVisible = 0;
			defaultConfigurationName = Release;
		};
/* End XCConfigurationList section */

/* Begin XCRemoteSwiftPackageReference section */
		CA40FF9D242FFA990018745B /* XCRemoteSwiftPackageReference "Alamofire" */ = {
			isa = XCRemoteSwiftPackageReference;
			repositoryURL = "https://github.com/Alamofire/Alamofire";
			requirement = {
				kind = upToNextMajorVersion;
				minimumVersion = 5.0.5;
			};
		};
		CA6BF6A4242D25370077FA6A /* XCRemoteSwiftPackageReference "TinyConstraints" */ = {
			isa = XCRemoteSwiftPackageReference;
			repositoryURL = "https://github.com/roberthein/TinyConstraints";
			requirement = {
				kind = upToNextMajorVersion;
				minimumVersion = 4.0.1;
			};
		};
		CAF6233324310E4D009FAF9A /* XCRemoteSwiftPackageReference "SDWebImage" */ = {
			isa = XCRemoteSwiftPackageReference;
			repositoryURL = "https://github.com/SDWebImage/SDWebImage.git";
			requirement = {
				kind = upToNextMajorVersion;
				minimumVersion = 5.6.1;
			};
		};
/* End XCRemoteSwiftPackageReference section */

/* Begin XCSwiftPackageProductDependency section */
		CA40FF9E242FFA990018745B /* Alamofire */ = {
			isa = XCSwiftPackageProductDependency;
			package = CA40FF9D242FFA990018745B /* XCRemoteSwiftPackageReference "Alamofire" */;
			productName = Alamofire;
		};
		CA6BF6A5242D25370077FA6A /* TinyConstraints */ = {
			isa = XCSwiftPackageProductDependency;
			package = CA6BF6A4242D25370077FA6A /* XCRemoteSwiftPackageReference "TinyConstraints" */;
			productName = TinyConstraints;
		};
		CAF6233424310E4D009FAF9A /* SDWebImage */ = {
			isa = XCSwiftPackageProductDependency;
			package = CAF6233324310E4D009FAF9A /* XCRemoteSwiftPackageReference "SDWebImage" */;
			productName = SDWebImage;
		};
/* End XCSwiftPackageProductDependency section */
	};
	rootObject = CA6BF683242D1A0D0077FA6A /* Project object */;
}
